
Microsoft Visual Studio Solution File, Format Version 12.00
# Visual Studio Version 16
VisualStudioVersion = 16.0.29306.81
MinimumVisualStudioVersion = 10.0.40219.1
Project("{FAE04EC0-301F-11D3-BF4B-00C04F79EFBC}") = "Dasha OOP 5", "Dasha OOP 5\Dasha OOP 5.csproj", "{29EFAA0F-2D74-4F1F-A443-A3B74F04F86D}"
EndProject
Project("{FAE04EC0-301F-11D3-BF4B-00C04F79EFBC}") = "UnitTestProject1", "UnitTestProject1\UnitTestProject1.csproj", "{1E9EC581-B3BF-489D-A449-38107F55C222}"
EndProject
Global
	GlobalSection(SolutionConfigurationPlatforms) = preSolution
		Debug|Any CPU = Debug|Any CPU
		Release|Any CPU = Release|Any CPU
	EndGlobalSection
	GlobalSection(ProjectConfigurationPlatforms) = postSolution
		{29EFAA0F-2D74-4F1F-A443-A3B74F04F86D}.Debug|Any CPU.ActiveCfg = Debug|Any CPU
		{29EFAA0F-2D74-4F1F-A443-A3B74F04F86D}.Debug|Any CPU.Build.0 = Debug|Any CPU
		{29EFAA0F-2D74-4F1F-A443-A3B74F04F86D}.Release|Any CPU.ActiveCfg = Release|Any CPU
		{29EFAA0F-2D74-4F1F-A443-A3B74F04F86D}.Release|Any CPU.Build.0 = Release|Any CPU
		{1E9EC581-B3BF-489D-A449-38107F55C222}.Debug|Any CPU.ActiveCfg = Debug|Any CPU
		{1E9EC581-B3BF-489D-A449-38107F55C222}.Debug|Any CPU.Build.0 = Debug|Any CPU
		{1E9EC581-B3BF-489D-A449-38107F55C222}.Release|Any CPU.ActiveCfg = Release|Any CPU
		{1E9EC581-B3BF-489D-A449-38107F55C222}.Release|Any CPU.Build.0 = Release|Any CPU
	EndGlobalSection
	GlobalSection(SolutionProperties) = preSolution
		HideSolutionNode = FALSE
	EndGlobalSection
	GlobalSection(ExtensibilityGlobals) = postSolution
		SolutionGuid = {2B00DCC6-C18D-431C-81A6-1A0A2A53EC05}
	EndGlobalSection
EndGlobal
